
Microsoft Visual Studio Solution File, Format Version 12.00
# Visual Studio 15
VisualStudioVersion = 15.0.28307.572
MinimumVisualStudioVersion = 10.0.40219.1
Project("{2150E333-8FDC-42A3-9474-1A3956D46DE8}") = "src", "src", "{06E55A02-F6E6-40D0-A0EC-6B024B26BF22}"
EndProject
Project("{2150E333-8FDC-42A3-9474-1A3956D46DE8}") = "test", "test", "{1BEA4754-8108-4B1B-A5B4-EE6E1D1CFD9C}"
EndProject
Project("{FAE04EC0-301F-11D3-BF4B-00C04F79EFBC}") = "ByYsmn.Web.UI", "src\ByYsmn.Web.UI\ByYsmn.Web.UI.csproj", "{55B24A7F-CBCD-419D-8D0F-614A13CE2FB7}"
EndProject
Project("{FAE04EC0-301F-11D3-BF4B-00C04F79EFBC}") = "ByYsmn.EntityFramework", "src\ByYasemen.EntityFramework\ByYsmn.EntityFramework.csproj", "{18462E86-D596-4887-8EF1-9DFFC3B3ED92}"
EndProject
Project("{FAE04EC0-301F-11D3-BF4B-00C04F79EFBC}") = "ByYsmn.Core", "src\ByYsmn.Core\ByYsmn.Core.csproj", "{072CFE29-0BCF-4934-9C37-760EDF41EDA8}"
EndProject
Project("{FAE04EC0-301F-11D3-BF4B-00C04F79EFBC}") = "ByYsmn.Application", "src\ByYsmn.Application\ByYsmn.Application.csproj", "{D8D0491A-528E-4926-9956-B562FF51C14E}"
EndProject
Global
	GlobalSection(SolutionConfigurationPlatforms) = preSolution
		Debug|Any CPU = Debug|Any CPU
		Release|Any CPU = Release|Any CPU
	EndGlobalSection
	GlobalSection(ProjectConfigurationPlatforms) = postSolution
		{55B24A7F-CBCD-419D-8D0F-614A13CE2FB7}.Debug|Any CPU.ActiveCfg = Debug|Any CPU
		{55B24A7F-CBCD-419D-8D0F-614A13CE2FB7}.Debug|Any CPU.Build.0 = Debug|Any CPU
		{55B24A7F-CBCD-419D-8D0F-614A13CE2FB7}.Release|Any CPU.ActiveCfg = Release|Any CPU
		{55B24A7F-CBCD-419D-8D0F-614A13CE2FB7}.Release|Any CPU.Build.0 = Release|Any CPU
		{18462E86-D596-4887-8EF1-9DFFC3B3ED92}.Debug|Any CPU.ActiveCfg = Debug|Any CPU
		{18462E86-D596-4887-8EF1-9DFFC3B3ED92}.Debug|Any CPU.Build.0 = Debug|Any CPU
		{18462E86-D596-4887-8EF1-9DFFC3B3ED92}.Release|Any CPU.ActiveCfg = Release|Any CPU
		{18462E86-D596-4887-8EF1-9DFFC3B3ED92}.Release|Any CPU.Build.0 = Release|Any CPU
		{072CFE29-0BCF-4934-9C37-760EDF41EDA8}.Debug|Any CPU.ActiveCfg = Debug|Any CPU
		{072CFE29-0BCF-4934-9C37-760EDF41EDA8}.Debug|Any CPU.Build.0 = Debug|Any CPU
		{072CFE29-0BCF-4934-9C37-760EDF41EDA8}.Release|Any CPU.ActiveCfg = Release|Any CPU
		{072CFE29-0BCF-4934-9C37-760EDF41EDA8}.Release|Any CPU.Build.0 = Release|Any CPU
		{D8D0491A-528E-4926-9956-B562FF51C14E}.Debug|Any CPU.ActiveCfg = Debug|Any CPU
		{D8D0491A-528E-4926-9956-B562FF51C14E}.Debug|Any CPU.Build.0 = Debug|Any CPU
		{D8D0491A-528E-4926-9956-B562FF51C14E}.Release|Any CPU.ActiveCfg = Release|Any CPU
		{D8D0491A-528E-4926-9956-B562FF51C14E}.Release|Any CPU.Build.0 = Release|Any CPU
	EndGlobalSection
	GlobalSection(SolutionProperties) = preSolution
		HideSolutionNode = FALSE
	EndGlobalSection
	GlobalSection(NestedProjects) = preSolution
		{55B24A7F-CBCD-419D-8D0F-614A13CE2FB7} = {06E55A02-F6E6-40D0-A0EC-6B024B26BF22}
		{18462E86-D596-4887-8EF1-9DFFC3B3ED92} = {06E55A02-F6E6-40D0-A0EC-6B024B26BF22}
		{072CFE29-0BCF-4934-9C37-760EDF41EDA8} = {06E55A02-F6E6-40D0-A0EC-6B024B26BF22}
		{D8D0491A-528E-4926-9956-B562FF51C14E} = {06E55A02-F6E6-40D0-A0EC-6B024B26BF22}
	EndGlobalSection
	GlobalSection(ExtensibilityGlobals) = postSolution
		SolutionGuid = {516157FE-3CC6-4F48-B0D1-C7045D31462A}
	EndGlobalSection
EndGlobal
